# THIS IS AN AUTOGENERATED FILE. DO NOT EDIT THIS FILE DIRECTLY.
# yarn lockfile v1


"@artdeco/clean-stack@^1.1.1":
  version "1.1.1"
  resolved "https://registry.yarnpkg.com/@artdeco/clean-stack/-/clean-stack-1.1.1.tgz#0a68b9a061b5076ebaf948c150ea26d09c1e753f"
  integrity sha512-q5lO3vGUo0WgkSqzgzjL0HQdA9t2HzQqZISuVuQWMh9xqLuiLFP/ZTsxFc8vpMl7mNpGk7Mm0OeyFQ+Evrp0Cw==

"@zoroaster/assert@^1.0.2":
  version "1.0.2"
  resolved "https://registry.yarnpkg.com/@zoroaster/assert/-/assert-1.0.2.tgz#8ffe2ebb10c81d570d4965080f942af688321a1f"
  integrity sha512-5C0LDzW8DkiSSCLyYO9ux3R5ru65yEn/GtxH1wh7ukRhLAZ/Svx4+A81YvciXcn35B2VmvCqyiTrhNdxdgusSw==

"@zoroaster/mask@^2.4.0":
  version "2.4.0"
  resolved "https://registry.yarnpkg.com/@zoroaster/mask/-/mask-2.4.0.tgz#9c5400928f6bb88aeef0971325aa6558a87ce435"
  integrity sha512-vJ71/qOb7H3YMa0hF7hAapbB/Vk1BlXKRkIsNSuCLBK4fe2wHsj06eVFNCjRz5KpgAyvAXLHrdYAGbGdwzwacw==

alamode@^3.3.1, alamode@^3.3.2:
  version "3.3.2"
  resolved "https://registry.yarnpkg.com/alamode/-/alamode-3.3.2.tgz#275d8797bc896fd90500de6519c2f1a7541a631e"
  integrity sha512-s0KffCdW88HbTYCB4JTpYfgGmM1lOr7hIFVREnAVaHq9KexU4xeVm9y/xtGVYPjOx5RXdmCB3t7oUgC7O3b1qQ==

documentary@^1.35.10:
  version "1.35.10"
  resolved "https://registry.yarnpkg.com/documentary/-/documentary-1.35.10.tgz#4c1391882f1bfdc9e3dbfc1536f0b4bbe7dfe530"
  integrity sha512-XTHj5XYTgiWsw9IVc/37zpjsgztm9OmW3B1a3tmQmoFDswr4CoA7VpoxRCTn4LAtCFp6fSTFclSo5d2uQedWhQ==
  dependencies:
    alamode "^3.3.1"
    preact "8.5.3"
    typal "^1.26.0"

erotic@^2.1.0:
  version "2.1.1"
  resolved "https://registry.yarnpkg.com/erotic/-/erotic-2.1.1.tgz#97f20c2d6e7fd2ec6f7996823009d3ac8ae7157f"
  integrity sha512-S1ns+uibigdXxxzqiO5VNZw3d0YNrVb4jZ7OUAklO4722/ytp+nta6txsUhYmnIEI0TF7jjXNjGvcmw0I/Rs7A==
  dependencies:
    "@artdeco/clean-stack" "^1.1.1"

eslint-config-artdeco@1.0.1:
  version "1.0.1"
  resolved "https://registry.yarnpkg.com/eslint-config-artdeco/-/eslint-config-artdeco-1.0.1.tgz#4451c9d0ed1ce4d33dfd43a6315f12c8bfb04274"
  integrity sha1-RFHJ0O0c5NM9/UOmMV8SyL+wQnQ=

makepromise@^3.2.0:
  version "3.2.0"
  resolved "https://registry.yarnpkg.com/makepromise/-/makepromise-3.2.0.tgz#5967d982e01cdc5d044c544489c9e2a7abebc3b0"
  integrity sha512-Hb8mGdLkE/rba1McbPdQl3NU86ovEm3RXhKFsuxUQ2SxLfMOXP5aES/2BLVWigpS0hoBy0NBIYnHHvouLdDuzg==
  dependencies:
    erotic "^2.1.0"

preact@8.5.3:
  version "8.5.3"
  resolved "https://registry.yarnpkg.com/preact/-/preact-8.5.3.tgz#78c2a5562fcecb1fed1d0055fa4ac1e27bde17c1"
  integrity sha512-O3kKP+1YdgqHOFsZF2a9JVdtqD+RPzCQc3rP+Ualf7V6rmRDchZ9MJbiGTT7LuyqFKZqlHSOyO/oMFmI2lVTsw==

typal@^1.26.0:
  version "1.26.1"
  resolved "https://registry.yarnpkg.com/typal/-/typal-1.26.1.tgz#085886c628ee218722059a40db87768dee764a88"
  integrity sha512-ckBR+NxyVS22xFTyIwUAmPh3T165bfQlRT+h3499tRsTDZt5DZ8dCooEUyVmxbbj8IsIjtDwSyrrlVMqLuogkQ==

yarn-s@1.2.3:
  version "1.2.3"
  resolved "https://registry.yarnpkg.com/yarn-s/-/yarn-s-1.2.3.tgz#ec8fac3bca62c4c970b7e88eef98a5f01c421dab"
  integrity sha512-XNV6KYcT6LCLlogwbArTrn8wlqYVnlR+MqAZULxNVaShw7qrBx5PjsNSIMbKFIRxPKdjisv7O8oBg9mWY63Tvw==

zoroaster@^4.2.0:
  version "4.2.0"
  resolved "https://registry.yarnpkg.com/zoroaster/-/zoroaster-4.2.0.tgz#f532b78307c487b62a00856b4b5afe560360c4a4"
  integrity sha512-xlgjS7dXoh/ajc+jEcqx4iTax3rm3pk7XRJ2yWtT+PBzGmH3TgF6KMjrp5NcAp4CgDX9DsC82G6+v60j9m7mxQ==
  dependencies:
    "@zoroaster/assert" "^1.0.2"
    "@zoroaster/mask" "^2.4.0"
    alamode "^3.3.2"
